
Microsoft Visual Studio Solution File, Format Version 12.00
# Visual Studio Version 17
VisualStudioVersion = 17.7.34202.233
MinimumVisualStudioVersion = 10.0.40219.1
Project("{FAE04EC0-301F-11D3-BF4B-00C04F79EFBC}") = "HomeworkLibrary", "HomeworkLibrary\HomeworkLibrary.csproj", "{31F7F628-E416-4C78-9266-FA4F2FA2FDF2}"
EndProject
Global
	GlobalSection(SolutionConfigurationPlatforms) = preSolution
		Debug|Any CPU = Debug|Any CPU
		Release|Any CPU = Release|Any CPU
	EndGlobalSection
	GlobalSection(ProjectConfigurationPlatforms) = postSolution
		{31F7F628-E416-4C78-9266-FA4F2FA2FDF2}.Debug|Any CPU.ActiveCfg = Debug|Any CPU
		{31F7F628-E416-4C78-9266-FA4F2FA2FDF2}.Debug|Any CPU.Build.0 = Debug|Any CPU
		{31F7F628-E416-4C78-9266-FA4F2FA2FDF2}.Release|Any CPU.ActiveCfg = Release|Any CPU
		{31F7F628-E416-4C78-9266-FA4F2FA2FDF2}.Release|Any CPU.Build.0 = Release|Any CPU
	EndGlobalSection
	GlobalSection(SolutionProperties) = preSolution
		HideSolutionNode = FALSE
	EndGlobalSection
	GlobalSection(ExtensibilityGlobals) = postSolution
		SolutionGuid = {3415E8ED-C3E0-4244-8869-B97EE36FE83C}
	EndGlobalSection
EndGlobal
